
Microsoft Visual Studio Solution File, Format Version 12.00
# Visual Studio Version 17
VisualStudioVersion = 17.5.33502.453
MinimumVisualStudioVersion = 10.0.40219.1
Project("{FAE04EC0-301F-11D3-BF4B-00C04F79EFBC}") = "CsharpBasic", "Practice\CsharpBasic.csproj", "{9FF0C500-1BC9-4CA1-86D7-DC1502D76B0F}"
EndProject
Global
	GlobalSection(SolutionConfigurationPlatforms) = preSolution
		Debug|Any CPU = Debug|Any CPU
		Release|Any CPU = Release|Any CPU
	EndGlobalSection
	GlobalSection(ProjectConfigurationPlatforms) = postSolution
		{9FF0C500-1BC9-4CA1-86D7-DC1502D76B0F}.Debug|Any CPU.ActiveCfg = Debug|Any CPU
		{9FF0C500-1BC9-4CA1-86D7-DC1502D76B0F}.Debug|Any CPU.Build.0 = Debug|Any CPU
		{9FF0C500-1BC9-4CA1-86D7-DC1502D76B0F}.Release|Any CPU.ActiveCfg = Release|Any CPU
		{9FF0C500-1BC9-4CA1-86D7-DC1502D76B0F}.Release|Any CPU.Build.0 = Release|Any CPU
	EndGlobalSection
	GlobalSection(SolutionProperties) = preSolution
		HideSolutionNode = FALSE
	EndGlobalSection
	GlobalSection(ExtensibilityGlobals) = postSolution
		SolutionGuid = {6EEE1BC5-51C9-4677-BD30-F28D7649CD27}
	EndGlobalSection
EndGlobal
